// !$*UTF8*$!
{
	archiveVersion = 1;
	classes = {
	};
	objectVersion = 48;
	objects = {

/* Begin PBXBuildFile section */
		DD6107EF20B24DB5001BEDFF /* SwiftyJSON.framework in Frameworks */ = {isa = PBXBuildFile; fileRef = DD6107EB20B24DAE001BEDFF /* SwiftyJSON.framework */; };
		DD6107F020B24DB5001BEDFF /* SwiftyJSON.framework in Embed Frameworks */ = {isa = PBXBuildFile; fileRef = DD6107EB20B24DAE001BEDFF /* SwiftyJSON.framework */; settings = {ATTRIBUTES = (CodeSignOnCopy, RemoveHeadersOnCopy, ); }; };
		DD6107F120B24DB7001BEDFF /* Alamofire.framework in Frameworks */ = {isa = PBXBuildFile; fileRef = DD6107E720B24DA8001BEDFF /* Alamofire.framework */; };
		DD6107F220B24DB7001BEDFF /* Alamofire.framework in Embed Frameworks */ = {isa = PBXBuildFile; fileRef = DD6107E720B24DA8001BEDFF /* Alamofire.framework */; settings = {ATTRIBUTES = (CodeSignOnCopy, RemoveHeadersOnCopy, ); }; };
		DD7D5B2020D0C03E00DD4EFA /* Starscream.framework in Frameworks */ = {isa = PBXBuildFile; fileRef = DD7D5B1E20D0C03E00DD4EFA /* Starscream.framework */; };
		DD7D5B2120D0C03E00DD4EFA /* Starscream.framework.dSYM in Resources */ = {isa = PBXBuildFile; fileRef = DD7D5B1F20D0C03E00DD4EFA /* Starscream.framework.dSYM */; };
		DD7D5B2320D0C04900DD4EFA /* Starscream.framework in Embed Frameworks */ = {isa = PBXBuildFile; fileRef = DD7D5B1E20D0C03E00DD4EFA /* Starscream.framework */; settings = {ATTRIBUTES = (CodeSignOnCopy, RemoveHeadersOnCopy, ); }; };
		DD7D5B2620D369C700DD4EFA /* ActionCableClient.framework in Frameworks */ = {isa = PBXBuildFile; fileRef = DD7D5B2420D369C700DD4EFA /* ActionCableClient.framework */; };
		DD7D5B2720D369C700DD4EFA /* ActionCableClient.framework.dSYM in Resources */ = {isa = PBXBuildFile; fileRef = DD7D5B2520D369C700DD4EFA /* ActionCableClient.framework.dSYM */; };
		DD7D5B2920D369CE00DD4EFA /* ActionCableClient.framework in Embed Frameworks */ = {isa = PBXBuildFile; fileRef = DD7D5B2420D369C700DD4EFA /* ActionCableClient.framework */; settings = {ATTRIBUTES = (CodeSignOnCopy, RemoveHeadersOnCopy, ); }; };
		DDADD3E020B1EA8500AD07CB /* LoginViewController.swift in Sources */ = {isa = PBXBuildFile; fileRef = DDADD3DF20B1EA8500AD07CB /* LoginViewController.swift */; };
		DDADD3E220B1EAA200AD07CB /* SignupViewController.swift in Sources */ = {isa = PBXBuildFile; fileRef = DDADD3E120B1EAA200AD07CB /* SignupViewController.swift */; };
		DDC9A92020B0E649003AC1DF /* AppDelegate.swift in Sources */ = {isa = PBXBuildFile; fileRef = DDC9A91F20B0E649003AC1DF /* AppDelegate.swift */; };
		DDC9A92220B0E649003AC1DF /* HomeViewController.swift in Sources */ = {isa = PBXBuildFile; fileRef = DDC9A92120B0E649003AC1DF /* HomeViewController.swift */; };
		DDC9A92520B0E649003AC1DF /* Main.storyboard in Resources */ = {isa = PBXBuildFile; fileRef = DDC9A92320B0E649003AC1DF /* Main.storyboard */; };
		DDC9A92720B0E649003AC1DF /* Assets.xcassets in Resources */ = {isa = PBXBuildFile; fileRef = DDC9A92620B0E649003AC1DF /* Assets.xcassets */; };
		DDC9A92A20B0E649003AC1DF /* LaunchScreen.storyboard in Resources */ = {isa = PBXBuildFile; fileRef = DDC9A92820B0E649003AC1DF /* LaunchScreen.storyboard */; };
		DDC9A93520B0E64A003AC1DF /* voicenotesTests.swift in Sources */ = {isa = PBXBuildFile; fileRef = DDC9A93420B0E64A003AC1DF /* voicenotesTests.swift */; };
/* End PBXBuildFile section */

/* Begin PBXContainerItemProxy section */
		DDC9A93120B0E64A003AC1DF /* PBXContainerItemProxy */ = {
			isa = PBXContainerItemProxy;
			containerPortal = DDC9A91420B0E649003AC1DF /* Project object */;
			proxyType = 1;
			remoteGlobalIDString = DDC9A91B20B0E649003AC1DF;
			remoteInfo = voicenotes;
		};
/* End PBXContainerItemProxy section */

/* Begin PBXCopyFilesBuildPhase section */
		DD97879A20B24CAB00DFF7B8 /* Embed Frameworks */ = {
			isa = PBXCopyFilesBuildPhase;
			buildActionMask = 2147483647;
			dstPath = "";
			dstSubfolderSpec = 10;
			files = (
				DD6107F020B24DB5001BEDFF /* SwiftyJSON.framework in Embed Frameworks */,
				DD7D5B2320D0C04900DD4EFA /* Starscream.framework in Embed Frameworks */,
				DD6107F220B24DB7001BEDFF /* Alamofire.framework in Embed Frameworks */,
				DD7D5B2920D369CE00DD4EFA /* ActionCableClient.framework in Embed Frameworks */,
			);
			name = "Embed Frameworks";
			runOnlyForDeploymentPostprocessing = 0;
		};
/* End PBXCopyFilesBuildPhase section */

/* Begin PBXFileReference section */
		DD6107E720B24DA8001BEDFF /* Alamofire.framework */ = {isa = PBXFileReference; lastKnownFileType = wrapper.framework; name = Alamofire.framework; path = Carthage/Build/iOS/Alamofire.framework; sourceTree = "<group>"; };
		DD6107E820B24DA8001BEDFF /* Alamofire.framework.dSYM */ = {isa = PBXFileReference; lastKnownFileType = wrapper.dsym; name = Alamofire.framework.dSYM; path = Carthage/Build/iOS/Alamofire.framework.dSYM; sourceTree = "<group>"; };
		DD6107EB20B24DAE001BEDFF /* SwiftyJSON.framework */ = {isa = PBXFileReference; lastKnownFileType = wrapper.framework; name = SwiftyJSON.framework; path = Carthage/Build/iOS/SwiftyJSON.framework; sourceTree = "<group>"; };
		DD6107EC20B24DAE001BEDFF /* SwiftyJSON.framework.dSYM */ = {isa = PBXFileReference; lastKnownFileType = wrapper.dsym; name = SwiftyJSON.framework.dSYM; path = Carthage/Build/iOS/SwiftyJSON.framework.dSYM; sourceTree = "<group>"; };
		DD7D5B1E20D0C03E00DD4EFA /* Starscream.framework */ = {isa = PBXFileReference; lastKnownFileType = wrapper.framework; name = Starscream.framework; path = Carthage/Build/iOS/Starscream.framework; sourceTree = "<group>"; };
		DD7D5B1F20D0C03E00DD4EFA /* Starscream.framework.dSYM */ = {isa = PBXFileReference; lastKnownFileType = wrapper.dsym; name = Starscream.framework.dSYM; path = Carthage/Build/iOS/Starscream.framework.dSYM; sourceTree = "<group>"; };
		DD7D5B2420D369C700DD4EFA /* ActionCableClient.framework */ = {isa = PBXFileReference; lastKnownFileType = wrapper.framework; name = ActionCableClient.framework; path = Carthage/Build/iOS/ActionCableClient.framework; sourceTree = "<group>"; };
		DD7D5B2520D369C700DD4EFA /* ActionCableClient.framework.dSYM */ = {isa = PBXFileReference; lastKnownFileType = wrapper.dsym; name = ActionCableClient.framework.dSYM; path = Carthage/Build/iOS/ActionCableClient.framework.dSYM; sourceTree = "<group>"; };
		DDADD3DF20B1EA8500AD07CB /* LoginViewController.swift */ = {isa = PBXFileReference; lastKnownFileType = sourcecode.swift; path = LoginViewController.swift; sourceTree = "<group>"; };
		DDADD3E120B1EAA200AD07CB /* SignupViewController.swift */ = {isa = PBXFileReference; lastKnownFileType = sourcecode.swift; path = SignupViewController.swift; sourceTree = "<group>"; };
		DDC9A91C20B0E649003AC1DF /* voicenotes.app */ = {isa = PBXFileReference; explicitFileType = wrapper.application; includeInIndex = 0; path = voicenotes.app; sourceTree = BUILT_PRODUCTS_DIR; };
		DDC9A91F20B0E649003AC1DF /* AppDelegate.swift */ = {isa = PBXFileReference; lastKnownFileType = sourcecode.swift; path = AppDelegate.swift; sourceTree = "<group>"; };
		DDC9A92120B0E649003AC1DF /* HomeViewController.swift */ = {isa = PBXFileReference; lastKnownFileType = sourcecode.swift; path = HomeViewController.swift; sourceTree = "<group>"; };
		DDC9A92420B0E649003AC1DF /* Base */ = {isa = PBXFileReference; lastKnownFileType = file.storyboard; name = Base; path = Base.lproj/Main.storyboard; sourceTree = "<group>"; };
		DDC9A92620B0E649003AC1DF /* Assets.xcassets */ = {isa = PBXFileReference; lastKnownFileType = folder.assetcatalog; path = Assets.xcassets; sourceTree = "<group>"; };
		DDC9A92920B0E649003AC1DF /* Base */ = {isa = PBXFileReference; lastKnownFileType = file.storyboard; name = Base; path = Base.lproj/LaunchScreen.storyboard; sourceTree = "<group>"; };
		DDC9A92B20B0E649003AC1DF /* Info.plist */ = {isa = PBXFileReference; lastKnownFileType = text.plist.xml; path = Info.plist; sourceTree = "<group>"; };
		DDC9A93020B0E64A003AC1DF /* voicenotesTests.xctest */ = {isa = PBXFileReference; explicitFileType = wrapper.cfbundle; includeInIndex = 0; path = voicenotesTests.xctest; sourceTree = BUILT_PRODUCTS_DIR; };
		DDC9A93420B0E64A003AC1DF /* voicenotesTests.swift */ = {isa = PBXFileReference; lastKnownFileType = sourcecode.swift; path = voicenotesTests.swift; sourceTree = "<group>"; };
		DDC9A93620B0E64A003AC1DF /* Info.plist */ = {isa = PBXFileReference; lastKnownFileType = text.plist.xml; path = Info.plist; sourceTree = "<group>"; };
/* End PBXFileReference section */

/* Begin PBXFrameworksBuildPhase section */
		DDC9A91920B0E649003AC1DF /* Frameworks */ = {
			isa = PBXFrameworksBuildPhase;
			buildActionMask = 2147483647;
			files = (
				DD6107EF20B24DB5001BEDFF /* SwiftyJSON.framework in Frameworks */,
				DD7D5B2020D0C03E00DD4EFA /* Starscream.framework in Frameworks */,
				DD6107F120B24DB7001BEDFF /* Alamofire.framework in Frameworks */,
				DD7D5B2620D369C700DD4EFA /* ActionCableClient.framework in Frameworks */,
			);
			runOnlyForDeploymentPostprocessing = 0;
		};
		DDC9A92D20B0E64A003AC1DF /* Frameworks */ = {
			isa = PBXFrameworksBuildPhase;
			buildActionMask = 2147483647;
			files = (
			);
			runOnlyForDeploymentPostprocessing = 0;
		};
/* End PBXFrameworksBuildPhase section */

/* Begin PBXGroup section */
		DDADD3E320B1F1CD00AD07CB /* Frameworks */ = {
			isa = PBXGroup;
			children = (
				DD7D5B2420D369C700DD4EFA /* ActionCableClient.framework */,
				DD7D5B2520D369C700DD4EFA /* ActionCableClient.framework.dSYM */,
				DD7D5B1E20D0C03E00DD4EFA /* Starscream.framework */,
				DD7D5B1F20D0C03E00DD4EFA /* Starscream.framework.dSYM */,
				DD6107EB20B24DAE001BEDFF /* SwiftyJSON.framework */,
				DD6107EC20B24DAE001BEDFF /* SwiftyJSON.framework.dSYM */,
				DD6107E720B24DA8001BEDFF /* Alamofire.framework */,
				DD6107E820B24DA8001BEDFF /* Alamofire.framework.dSYM */,
			);
			name = Frameworks;
			sourceTree = "<group>";
		};
		DDC9A91320B0E649003AC1DF = {
			isa = PBXGroup;
			children = (
				DDC9A91E20B0E649003AC1DF /* voicenotes */,
				DDC9A93320B0E64A003AC1DF /* voicenotesTests */,
				DDC9A91D20B0E649003AC1DF /* Products */,
				DDADD3E320B1F1CD00AD07CB /* Frameworks */,
			);
			sourceTree = "<group>";
		};
		DDC9A91D20B0E649003AC1DF /* Products */ = {
			isa = PBXGroup;
			children = (
				DDC9A91C20B0E649003AC1DF /* voicenotes.app */,
				DDC9A93020B0E64A003AC1DF /* voicenotesTests.xctest */,
			);
			name = Products;
			sourceTree = "<group>";
		};
		DDC9A91E20B0E649003AC1DF /* voicenotes */ = {
			isa = PBXGroup;
			children = (
				DDC9A91F20B0E649003AC1DF /* AppDelegate.swift */,
				DDADD3DF20B1EA8500AD07CB /* LoginViewController.swift */,
				DDADD3E120B1EAA200AD07CB /* SignupViewController.swift */,
				DDC9A92120B0E649003AC1DF /* HomeViewController.swift */,
				DDC9A92320B0E649003AC1DF /* Main.storyboard */,
				DDC9A92620B0E649003AC1DF /* Assets.xcassets */,
				DDC9A92820B0E649003AC1DF /* LaunchScreen.storyboard */,
				DDC9A92B20B0E649003AC1DF /* Info.plist */,
			);
			path = voicenotes;
			sourceTree = "<group>";
		};
		DDC9A93320B0E64A003AC1DF /* voicenotesTests */ = {
			isa = PBXGroup;
			children = (
				DDC9A93420B0E64A003AC1DF /* voicenotesTests.swift */,
				DDC9A93620B0E64A003AC1DF /* Info.plist */,
			);
			path = voicenotesTests;
			sourceTree = "<group>";
		};
/* End PBXGroup section */

/* Begin PBXNativeTarget section */
		DDC9A91B20B0E649003AC1DF /* voicenotes */ = {
			isa = PBXNativeTarget;
			buildConfigurationList = DDC9A93920B0E64A003AC1DF /* Build configuration list for PBXNativeTarget "voicenotes" */;
			buildPhases = (
				DDC9A91820B0E649003AC1DF /* Sources */,
				DDC9A91920B0E649003AC1DF /* Frameworks */,
				DDC9A91A20B0E649003AC1DF /* Resources */,
				DD97879A20B24CAB00DFF7B8 /* Embed Frameworks */,
			);
			buildRules = (
			);
			dependencies = (
			);
			name = voicenotes;
			productName = voicenotes;
			productReference = DDC9A91C20B0E649003AC1DF /* voicenotes.app */;
			productType = "com.apple.product-type.application";
		};
		DDC9A92F20B0E64A003AC1DF /* voicenotesTests */ = {
			isa = PBXNativeTarget;
			buildConfigurationList = DDC9A93C20B0E64A003AC1DF /* Build configuration list for PBXNativeTarget "voicenotesTests" */;
			buildPhases = (
				DDC9A92C20B0E64A003AC1DF /* Sources */,
				DDC9A92D20B0E64A003AC1DF /* Frameworks */,
				DDC9A92E20B0E64A003AC1DF /* Resources */,
			);
			buildRules = (
			);
			dependencies = (
				DDC9A93220B0E64A003AC1DF /* PBXTargetDependency */,
			);
			name = voicenotesTests;
			productName = voicenotesTests;
			productReference = DDC9A93020B0E64A003AC1DF /* voicenotesTests.xctest */;
			productType = "com.apple.product-type.bundle.unit-test";
		};
/* End PBXNativeTarget section */

/* Begin PBXProject section */
		DDC9A91420B0E649003AC1DF /* Project object */ = {
			isa = PBXProject;
			attributes = {
				LastSwiftUpdateCheck = 0920;
				LastUpgradeCheck = 0920;
				ORGANIZATIONNAME = "Peter Pao-Huang";
				TargetAttributes = {
					DDC9A91B20B0E649003AC1DF = {
						CreatedOnToolsVersion = 9.2;
						ProvisioningStyle = Automatic;
					};
					DDC9A92F20B0E64A003AC1DF = {
						CreatedOnToolsVersion = 9.2;
						ProvisioningStyle = Automatic;
						TestTargetID = DDC9A91B20B0E649003AC1DF;
					};
				};
			};
			buildConfigurationList = DDC9A91720B0E649003AC1DF /* Build configuration list for PBXProject "voicenotes" */;
			compatibilityVersion = "Xcode 8.0";
			developmentRegion = en;
			hasScannedForEncodings = 0;
			knownRegions = (
				en,
				Base,
			);
			mainGroup = DDC9A91320B0E649003AC1DF;
			productRefGroup = DDC9A91D20B0E649003AC1DF /* Products */;
			projectDirPath = "";
			projectRoot = "";
			targets = (
				DDC9A91B20B0E649003AC1DF /* voicenotes */,
				DDC9A92F20B0E64A003AC1DF /* voicenotesTests */,
			);
		};
/* End PBXProject section */

/* Begin PBXResourcesBuildPhase section */
		DDC9A91A20B0E649003AC1DF /* Resources */ = {
			isa = PBXResourcesBuildPhase;
			buildActionMask = 2147483647;
			files = (
				DDC9A92A20B0E649003AC1DF /* LaunchScreen.storyboard in Resources */,
				DD7D5B2120D0C03E00DD4EFA /* Starscream.framework.dSYM in Resources */,
				DD7D5B2720D369C700DD4EFA /* ActionCableClient.framework.dSYM in Resources */,
				DDC9A92720B0E649003AC1DF /* Assets.xcassets in Resources */,
				DDC9A92520B0E649003AC1DF /* Main.storyboard in Resources */,
			);
			runOnlyForDeploymentPostprocessing = 0;
		};
		DDC9A92E20B0E64A003AC1DF /* Resources */ = {
			isa = PBXResourcesBuildPhase;
			buildActionMask = 2147483647;
			files = (
			);
			runOnlyForDeploymentPostprocessing = 0;
		};
/* End PBXResourcesBuildPhase section */

/* Begin PBXSourcesBuildPhase section */
		DDC9A91820B0E649003AC1DF /* Sources */ = {
			isa = PBXSourcesBuildPhase;
			buildActionMask = 2147483647;
			files = (
				DDADD3E020B1EA8500AD07CB /* LoginViewController.swift in Sources */,
				DDC9A92220B0E649003AC1DF /* HomeViewController.swift in Sources */,
				DDADD3E220B1EAA200AD07CB /* SignupViewController.swift in Sources */,
				DDC9A92020B0E649003AC1DF /* AppDelegate.swift in Sources */,
			);
			runOnlyForDeploymentPostprocessing = 0;
		};
		DDC9A92C20B0E64A003AC1DF /* Sources */ = {
			isa = PBXSourcesBuildPhase;
			buildActionMask = 2147483647;
			files = (
				DDC9A93520B0E64A003AC1DF /* voicenotesTests.swift in Sources */,
			);
			runOnlyForDeploymentPostprocessing = 0;
		};
/* End PBXSourcesBuildPhase section */

/* Begin PBXTargetDependency section */
		DDC9A93220B0E64A003AC1DF /* PBXTargetDependency */ = {
			isa = PBXTargetDependency;
			target = DDC9A91B20B0E649003AC1DF /* voicenotes */;
			targetProxy = DDC9A93120B0E64A003AC1DF /* PBXContainerItemProxy */;
		};
/* End PBXTargetDependency section */

/* Begin PBXVariantGroup section */
		DDC9A92320B0E649003AC1DF /* Main.storyboard */ = {
			isa = PBXVariantGroup;
			children = (
				DDC9A92420B0E649003AC1DF /* Base */,
			);
			name = Main.storyboard;
			sourceTree = "<group>";
		};
		DDC9A92820B0E649003AC1DF /* LaunchScreen.storyboard */ = {
			isa = PBXVariantGroup;
			children = (
				DDC9A92920B0E649003AC1DF /* Base */,
			);
			name = LaunchScreen.storyboard;
			sourceTree = "<group>";
		};
/* End PBXVariantGroup section */

/* Begin XCBuildConfiguration section */
		DDC9A93720B0E64A003AC1DF /* Debug */ = {
			isa = XCBuildConfiguration;
			buildSettings = {
				ALWAYS_SEARCH_USER_PATHS = NO;
				CLANG_ANALYZER_NONNULL = YES;
				CLANG_ANALYZER_NUMBER_OBJECT_CONVERSION = YES_AGGRESSIVE;
				CLANG_CXX_LANGUAGE_STANDARD = "gnu++14";
				CLANG_CXX_LIBRARY = "libc++";
				CLANG_ENABLE_MODULES = YES;
				CLANG_ENABLE_OBJC_ARC = YES;
				CLANG_WARN_BLOCK_CAPTURE_AUTORELEASING = YES;
				CLANG_WARN_BOOL_CONVERSION = YES;
				CLANG_WARN_COMMA = YES;
				CLANG_WARN_CONSTANT_CONVERSION = YES;
				CLANG_WARN_DIRECT_OBJC_ISA_USAGE = YES_ERROR;
				CLANG_WARN_DOCUMENTATION_COMMENTS = YES;
				CLANG_WARN_EMPTY_BODY = YES;
				CLANG_WARN_ENUM_CONVERSION = YES;
				CLANG_WARN_INFINITE_RECURSION = YES;
				CLANG_WARN_INT_CONVERSION = YES;
				CLANG_WARN_NON_LITERAL_NULL_CONVERSION = YES;
				CLANG_WARN_OBJC_LITERAL_CONVERSION = YES;
				CLANG_WARN_OBJC_ROOT_CLASS = YES_ERROR;
				CLANG_WARN_RANGE_LOOP_ANALYSIS = YES;
				CLANG_WARN_STRICT_PROTOTYPES = YES;
				CLANG_WARN_SUSPICIOUS_MOVE = YES;
				CLANG_WARN_UNGUARDED_AVAILABILITY = YES_AGGRESSIVE;
				CLANG_WARN_UNREACHABLE_CODE = YES;
				CLANG_WARN__DUPLICATE_METHOD_MATCH = YES;
				CODE_SIGN_IDENTITY = "iPhone Developer";
				COPY_PHASE_STRIP = NO;
				DEBUG_INFORMATION_FORMAT = dwarf;
				ENABLE_STRICT_OBJC_MSGSEND = YES;
				ENABLE_TESTABILITY = YES;
				GCC_C_LANGUAGE_STANDARD = gnu11;
				GCC_DYNAMIC_NO_PIC = NO;
				GCC_NO_COMMON_BLOCKS = YES;
				GCC_OPTIMIZATION_LEVEL = 0;
				GCC_PREPROCESSOR_DEFINITIONS = (
					"DEBUG=1",
					"$(inherited)",
				);
				GCC_WARN_64_TO_32_BIT_CONVERSION = YES;
				GCC_WARN_ABOUT_RETURN_TYPE = YES_ERROR;
				GCC_WARN_UNDECLARED_SELECTOR = YES;
				GCC_WARN_UNINITIALIZED_AUTOS = YES_AGGRESSIVE;
				GCC_WARN_UNUSED_FUNCTION = YES;
				GCC_WARN_UNUSED_VARIABLE = YES;
				IPHONEOS_DEPLOYMENT_TARGET = 11.2;
				MTL_ENABLE_DEBUG_INFO = YES;
				ONLY_ACTIVE_ARCH = YES;
				SDKROOT = iphoneos;
				SWIFT_ACTIVE_COMPILATION_CONDITIONS = DEBUG;
				SWIFT_OPTIMIZATION_LEVEL = "-Onone";
			};
			name = Debug;
		};
		DDC9A93820B0E64A003AC1DF /* Release */ = {
			isa = XCBuildConfiguration;
			buildSettings = {
				ALWAYS_SEARCH_USER_PATHS = NO;
				CLANG_ANALYZER_NONNULL = YES;
				CLANG_ANALYZER_NUMBER_OBJECT_CONVERSION = YES_AGGRESSIVE;
				CLANG_CXX_LANGUAGE_STANDARD = "gnu++14";
				CLANG_CXX_LIBRARY = "libc++";
				CLANG_ENABLE_MODULES = YES;
				CLANG_ENABLE_OBJC_ARC = YES;
				CLANG_WARN_BLOCK_CAPTURE_AUTORELEASING = YES;
				CLANG_WARN_BOOL_CONVERSION = YES;
				CLANG_WARN_COMMA = YES;
				CLANG_WARN_CONSTANT_CONVERSION = YES;
				CLANG_WARN_DIRECT_OBJC_ISA_USAGE = YES_ERROR;
				CLANG_WARN_DOCUMENTATION_COMMENTS = YES;
				CLANG_WARN_EMPTY_BODY = YES;
				CLANG_WARN_ENUM_CONVERSION = YES;
				CLANG_WARN_INFINITE_RECURSION = YES;
				CLANG_WARN_INT_CONVERSION = YES;
				CLANG_WARN_NON_LITERAL_NULL_CONVERSION = YES;
				CLANG_WARN_OBJC_LITERAL_CONVERSION = YES;
				CLANG_WARN_OBJC_ROOT_CLASS = YES_ERROR;
				CLANG_WARN_RANGE_LOOP_ANALYSIS = YES;
				CLANG_WARN_STRICT_PROTOTYPES = YES;
				CLANG_WARN_SUSPICIOUS_MOVE = YES;
				CLANG_WARN_UNGUARDED_AVAILABILITY = YES_AGGRESSIVE;
				CLANG_WARN_UNREACHABLE_CODE = YES;
				CLANG_WARN__DUPLICATE_METHOD_MATCH = YES;
				CODE_SIGN_IDENTITY = "iPhone Developer";
				COPY_PHASE_STRIP = NO;
				DEBUG_INFORMATION_FORMAT = "dwarf-with-dsym";
				ENABLE_NS_ASSERTIONS = NO;
				ENABLE_STRICT_OBJC_MSGSEND = YES;
				GCC_C_LANGUAGE_STANDARD = gnu11;
				GCC_NO_COMMON_BLOCKS = YES;
				GCC_WARN_64_TO_32_BIT_CONVERSION = YES;
				GCC_WARN_ABOUT_RETURN_TYPE = YES_ERROR;
				GCC_WARN_UNDECLARED_SELECTOR = YES;
				GCC_WARN_UNINITIALIZED_AUTOS = YES_AGGRESSIVE;
				GCC_WARN_UNUSED_FUNCTION = YES;
				GCC_WARN_UNUSED_VARIABLE = YES;
				IPHONEOS_DEPLOYMENT_TARGET = 11.2;
				MTL_ENABLE_DEBUG_INFO = NO;
				SDKROOT = iphoneos;
				SWIFT_OPTIMIZATION_LEVEL = "-Owholemodule";
				VALIDATE_PRODUCT = YES;
			};
			name = Release;
		};
		DDC9A93A20B0E64A003AC1DF /* Debug */ = {
			isa = XCBuildConfiguration;
			buildSettings = {
				ALWAYS_EMBED_SWIFT_STANDARD_LIBRARIES = YES;
				ASSETCATALOG_COMPILER_APPICON_NAME = AppIcon;
				CODE_SIGN_STYLE = Automatic;
				DEVELOPMENT_TEAM = Y8M36A5KCQ;
				FRAMEWORK_SEARCH_PATHS = (
					"$(inherited)",
					"$(PROJECT_DIR)/Carthage/Build/iOS",
					"$(PROJECT_DIR)_api/Carthage/Build/iOS",
				);
				INFOPLIST_FILE = voicenotes/Info.plist;
				LD_RUNPATH_SEARCH_PATHS = "$(inherited) @executable_path/Frameworks";
				PRODUCT_BUNDLE_IDENTIFIER = com.nudge.voicenotes;
				PRODUCT_NAME = "$(TARGET_NAME)";
				SWIFT_VERSION = 4.0;
				TARGETED_DEVICE_FAMILY = "1,2";
			};
			name = Debug;
		};
		DDC9A93B20B0E64A003AC1DF /* Release */ = {
			isa = XCBuildConfiguration;
			buildSettings = {
				ALWAYS_EMBED_SWIFT_STANDARD_LIBRARIES = YES;
				ASSETCATALOG_COMPILER_APPICON_NAME = AppIcon;
				CODE_SIGN_STYLE = Automatic;
				DEVELOPMENT_TEAM = Y8M36A5KCQ;
				FRAMEWORK_SEARCH_PATHS = (
					"$(inherited)",
					"$(PROJECT_DIR)/Carthage/Build/iOS",
					"$(PROJECT_DIR)_api/Carthage/Build/iOS",
				);
				INFOPLIST_FILE = voicenotes/Info.plist;
				LD_RUNPATH_SEARCH_PATHS = "$(inherited) @executable_path/Frameworks";
				PRODUCT_BUNDLE_IDENTIFIER = com.nudge.voicenotes;
				PRODUCT_NAME = "$(TARGET_NAME)";
				SWIFT_VERSION = 4.0;
				TARGETED_DEVICE_FAMILY = "1,2";
			};
			name = Release;
		};
		DDC9A93D20B0E64A003AC1DF /* Debug */ = {
			isa = XCBuildConfiguration;
			buildSettings = {
				ALWAYS_EMBED_SWIFT_STANDARD_LIBRARIES = YES;
				BUNDLE_LOADER = "$(TEST_HOST)";
				CODE_SIGN_STYLE = Automatic;
				DEVELOPMENT_TEAM = Y8M36A5KCQ;
				INFOPLIST_FILE = voicenotesTests/Info.plist;
				LD_RUNPATH_SEARCH_PATHS = "$(inherited) @executable_path/Frameworks @loader_path/Frameworks";
				PRODUCT_BUNDLE_IDENTIFIER = com.nudge.voicenotesTests;
				PRODUCT_NAME = "$(TARGET_NAME)";
				SWIFT_VERSION = 4.0;
				TARGETED_DEVICE_FAMILY = "1,2";
				TEST_HOST = "$(BUILT_PRODUCTS_DIR)/voicenotes.app/voicenotes";
			};
			name = Debug;
		};
		DDC9A93E20B0E64A003AC1DF /* Release */ = {
			isa = XCBuildConfiguration;
			buildSettings = {
				ALWAYS_EMBED_SWIFT_STANDARD_LIBRARIES = YES;
				BUNDLE_LOADER = "$(TEST_HOST)";
				CODE_SIGN_STYLE = Automatic;
				DEVELOPMENT_TEAM = Y8M36A5KCQ;
				INFOPLIST_FILE = voicenotesTests/Info.plist;
				LD_RUNPATH_SEARCH_PATHS = "$(inherited) @executable_path/Frameworks @loader_path/Frameworks";
				PRODUCT_BUNDLE_IDENTIFIER = com.nudge.voicenotesTests;
				PRODUCT_NAME = "$(TARGET_NAME)";
				SWIFT_VERSION = 4.0;
				TARGETED_DEVICE_FAMILY = "1,2";
				TEST_HOST = "$(BUILT_PRODUCTS_DIR)/voicenotes.app/voicenotes";
			};
			name = Release;
		};
/* End XCBuildConfiguration section */

/* Begin XCConfigurationList section */
		DDC9A91720B0E649003AC1DF /* Build configuration list for PBXProject "voicenotes" */ = {
			isa = XCConfigurationList;
			buildConfigurations = (
				DDC9A93720B0E64A003AC1DF /* Debug */,
				DDC9A93820B0E64A003AC1DF /* Release */,
			);
			defaultConfigurationIsVisible = 0;
			defaultConfigurationName = Release;
		};
		DDC9A93920B0E64A003AC1DF /* Build configuration list for PBXNativeTarget "voicenotes" */ = {
			isa = XCConfigurationList;
			buildConfigurations = (
				DDC9A93A20B0E64A003AC1DF /* Debug */,
				DDC9A93B20B0E64A003AC1DF /* Release */,
			);
			defaultConfigurationIsVisible = 0;
			defaultConfigurationName = Release;
		};
		DDC9A93C20B0E64A003AC1DF /* Build configuration list for PBXNativeTarget "voicenotesTests" */ = {
			isa = XCConfigurationList;
			buildConfigurations = (
				DDC9A93D20B0E64A003AC1DF /* Debug */,
				DDC9A93E20B0E64A003AC1DF /* Release */,
			);
			defaultConfigurationIsVisible = 0;
			defaultConfigurationName = Release;
		};
/* End XCConfigurationList section */
	};
	rootObject = DDC9A91420B0E649003AC1DF /* Project object */;
}
